
Microsoft Visual Studio Solution File, Format Version 12.00
# Visual Studio Version 16
VisualStudioVersion = 16.0.33328.57
MinimumVisualStudioVersion = 10.0.40219.1
Project("{FAE04EC0-301F-11D3-BF4B-00C04F79EFBC}") = "Caculator_53_PhanHoangTrieu", "Calculator\Caculator_53_PhanHoangTrieu.csproj", "{B3FCAAC2-B59D-4CB6-95F9-6E137375849A}"
EndProject
Project("{FAE04EC0-301F-11D3-BF4B-00C04F79EFBC}") = "CalculatorTester_53_PhanHoangTrieu", "CalculatorTester_53_PhanHoangTrieu\CalculatorTester_53_PhanHoangTrieu.csproj", "{FF2B6A84-4CB8-4B9A-A424-130C37E9E37C}"
EndProject
Global
	GlobalSection(SolutionConfigurationPlatforms) = preSolution
		Debug|Any CPU = Debug|Any CPU
		Release|Any CPU = Release|Any CPU
	EndGlobalSection
	GlobalSection(ProjectConfigurationPlatforms) = postSolution
		{B3FCAAC2-B59D-4CB6-95F9-6E137375849A}.Debug|Any CPU.ActiveCfg = Debug|Any CPU
		{B3FCAAC2-B59D-4CB6-95F9-6E137375849A}.Debug|Any CPU.Build.0 = Debug|Any CPU
		{B3FCAAC2-B59D-4CB6-95F9-6E137375849A}.Release|Any CPU.ActiveCfg = Release|Any CPU
		{B3FCAAC2-B59D-4CB6-95F9-6E137375849A}.Release|Any CPU.Build.0 = Release|Any CPU
		{FF2B6A84-4CB8-4B9A-A424-130C37E9E37C}.Debug|Any CPU.ActiveCfg = Debug|Any CPU
		{FF2B6A84-4CB8-4B9A-A424-130C37E9E37C}.Debug|Any CPU.Build.0 = Debug|Any CPU
		{FF2B6A84-4CB8-4B9A-A424-130C37E9E37C}.Release|Any CPU.ActiveCfg = Release|Any CPU
		{FF2B6A84-4CB8-4B9A-A424-130C37E9E37C}.Release|Any CPU.Build.0 = Release|Any CPU
	EndGlobalSection
	GlobalSection(SolutionProperties) = preSolution
		HideSolutionNode = FALSE
	EndGlobalSection
	GlobalSection(ExtensibilityGlobals) = postSolution
		SolutionGuid = {9837EC9C-2A9B-46D2-88F3-C9A7BFBC392C}
	EndGlobalSection
EndGlobal
